
Microsoft Visual Studio Solution File, Format Version 12.00
# Visual Studio Version 16
VisualStudioVersion = 16.0.30717.126
MinimumVisualStudioVersion = 10.0.40219.1
Project("{9A19103F-16F7-4668-BE54-9A1E7A4F7556}") = "ConsoleApp1", "ConsoleApp1.csproj", "{0C1ED70C-850C-41E2-A3F5-25B060488B33}"
EndProject
Project("{9A19103F-16F7-4668-BE54-9A1E7A4F7556}") = "métier", "..\métier\métier.csproj", "{6C389964-12C3-425C-8315-6B1ADC0B75A3}"
EndProject
Project("{FAE04EC0-301F-11D3-BF4B-00C04F79EFBC}") = "WpfApp1", "..\WpfApp1\WpfApp1.csproj", "{3FEF388F-255D-4585-8E74-2E846B4C54A2}"
EndProject
Global
	GlobalSection(SolutionConfigurationPlatforms) = preSolution
		Debug|Any CPU = Debug|Any CPU
		Release|Any CPU = Release|Any CPU
	EndGlobalSection
	GlobalSection(ProjectConfigurationPlatforms) = postSolution
		{0C1ED70C-850C-41E2-A3F5-25B060488B33}.Debug|Any CPU.ActiveCfg = Debug|Any CPU
		{0C1ED70C-850C-41E2-A3F5-25B060488B33}.Debug|Any CPU.Build.0 = Debug|Any CPU
		{0C1ED70C-850C-41E2-A3F5-25B060488B33}.Release|Any CPU.ActiveCfg = Release|Any CPU
		{0C1ED70C-850C-41E2-A3F5-25B060488B33}.Release|Any CPU.Build.0 = Release|Any CPU
		{6C389964-12C3-425C-8315-6B1ADC0B75A3}.Debug|Any CPU.ActiveCfg = Debug|Any CPU
		{6C389964-12C3-425C-8315-6B1ADC0B75A3}.Debug|Any CPU.Build.0 = Debug|Any CPU
		{6C389964-12C3-425C-8315-6B1ADC0B75A3}.Release|Any CPU.ActiveCfg = Release|Any CPU
		{6C389964-12C3-425C-8315-6B1ADC0B75A3}.Release|Any CPU.Build.0 = Release|Any CPU
		{3FEF388F-255D-4585-8E74-2E846B4C54A2}.Debug|Any CPU.ActiveCfg = Debug|Any CPU
		{3FEF388F-255D-4585-8E74-2E846B4C54A2}.Debug|Any CPU.Build.0 = Debug|Any CPU
		{3FEF388F-255D-4585-8E74-2E846B4C54A2}.Release|Any CPU.ActiveCfg = Release|Any CPU
		{3FEF388F-255D-4585-8E74-2E846B4C54A2}.Release|Any CPU.Build.0 = Release|Any CPU
	EndGlobalSection
	GlobalSection(SolutionProperties) = preSolution
		HideSolutionNode = FALSE
	EndGlobalSection
	GlobalSection(ExtensibilityGlobals) = postSolution
		SolutionGuid = {353001DD-12D8-4BC8-98D5-95F53A157463}
	EndGlobalSection
EndGlobal
